
Microsoft Visual Studio Solution File, Format Version 12.00
# Visual Studio Version 17
VisualStudioVersion = 17.12.35506.116 d17.12
MinimumVisualStudioVersion = 10.0.40219.1
Project("{FAE04EC0-301F-11D3-BF4B-00C04F79EFBC}") = "ClinicManagmentApp.API", "ClinicManagmentApp.API\ClinicManagmentApp.API.csproj", "{C1F8074C-1E9A-4A65-8BE5-9DB9CECB43E1}"
EndProject
Project("{FAE04EC0-301F-11D3-BF4B-00C04F79EFBC}") = "ClinicManagmentApp.Application", "ClinicManagmentApp.Application\ClinicManagmentApp.Application.csproj", "{2671825F-C0F9-4C28-B77D-492B3242883E}"
EndProject
Project("{FAE04EC0-301F-11D3-BF4B-00C04F79EFBC}") = "ClinicManagementApp.Infrastructure", "ClinicManagementApp.Infrastructure\ClinicManagementApp.Infrastructure.csproj", "{65554633-BA7B-4AAE-BF30-763A44F622CD}"
EndProject
Project("{FAE04EC0-301F-11D3-BF4B-00C04F79EFBC}") = "ClinicManagementApp.Domain", "ClinicManagementApp.Domain\ClinicManagementApp.Domain.csproj", "{D630D9D6-6CD3-4D95-85B3-A59CD051EFC6}"
EndProject
Global
	GlobalSection(SolutionConfigurationPlatforms) = preSolution
		Debug|Any CPU = Debug|Any CPU
		Release|Any CPU = Release|Any CPU
	EndGlobalSection
	GlobalSection(ProjectConfigurationPlatforms) = postSolution
		{C1F8074C-1E9A-4A65-8BE5-9DB9CECB43E1}.Debug|Any CPU.ActiveCfg = Debug|Any CPU
		{C1F8074C-1E9A-4A65-8BE5-9DB9CECB43E1}.Debug|Any CPU.Build.0 = Debug|Any CPU
		{C1F8074C-1E9A-4A65-8BE5-9DB9CECB43E1}.Release|Any CPU.ActiveCfg = Release|Any CPU
		{C1F8074C-1E9A-4A65-8BE5-9DB9CECB43E1}.Release|Any CPU.Build.0 = Release|Any CPU
		{2671825F-C0F9-4C28-B77D-492B3242883E}.Debug|Any CPU.ActiveCfg = Debug|Any CPU
		{2671825F-C0F9-4C28-B77D-492B3242883E}.Debug|Any CPU.Build.0 = Debug|Any CPU
		{2671825F-C0F9-4C28-B77D-492B3242883E}.Release|Any CPU.ActiveCfg = Release|Any CPU
		{2671825F-C0F9-4C28-B77D-492B3242883E}.Release|Any CPU.Build.0 = Release|Any CPU
		{65554633-BA7B-4AAE-BF30-763A44F622CD}.Debug|Any CPU.ActiveCfg = Debug|Any CPU
		{65554633-BA7B-4AAE-BF30-763A44F622CD}.Debug|Any CPU.Build.0 = Debug|Any CPU
		{65554633-BA7B-4AAE-BF30-763A44F622CD}.Release|Any CPU.ActiveCfg = Release|Any CPU
		{65554633-BA7B-4AAE-BF30-763A44F622CD}.Release|Any CPU.Build.0 = Release|Any CPU
		{D630D9D6-6CD3-4D95-85B3-A59CD051EFC6}.Debug|Any CPU.ActiveCfg = Debug|Any CPU
		{D630D9D6-6CD3-4D95-85B3-A59CD051EFC6}.Debug|Any CPU.Build.0 = Debug|Any CPU
		{D630D9D6-6CD3-4D95-85B3-A59CD051EFC6}.Release|Any CPU.ActiveCfg = Release|Any CPU
		{D630D9D6-6CD3-4D95-85B3-A59CD051EFC6}.Release|Any CPU.Build.0 = Release|Any CPU
	EndGlobalSection
	GlobalSection(SolutionProperties) = preSolution
		HideSolutionNode = FALSE
	EndGlobalSection
EndGlobal
